# This file is automatically @generated by Cargo.
# It is not intended for manual editing.
[[package]]
name = "aho-corasick"
version = "0.7.6"
source = "registry+https://github.com/rust-lang/crates.io-index"
checksum = "58fb5e95d83b38284460a5fda7d6470aa0b8844d283a0b614b8535e880800d2d"
dependencies = [
 "memchr",
]

[[package]]
name = "ansi_term"
version = "0.11.0"
source = "registry+https://github.com/rust-lang/crates.io-index"
checksum = "ee49baf6cb617b853aa8d93bf420db2383fab46d314482ca2803b40d5fde979b"
dependencies = [
 "winapi 0.3.6",
]

[[package]]
name = "ansi_term"
version = "0.12.0"
source = "registry+https://github.com/rust-lang/crates.io-index"
checksum = "eaa72766c3585a1f812a3387a7e2c6cab780f899c2f43ff6ea06c8d071fcbb36"
dependencies = [
 "winapi 0.3.6",
]

[[package]]
name = "atty"
version = "0.2.6"
source = "registry+https://github.com/rust-lang/crates.io-index"
checksum = "8352656fd42c30a0c3c89d26dea01e3b77c0ab2af18230835c15e2e13cd51859"
dependencies = [
 "libc",
 "termion",
 "winapi 0.3.6",
]

[[package]]
name = "bitflags"
version = "1.0.0"
source = "registry+https://github.com/rust-lang/crates.io-index"
checksum = "f5cde24d1b2e2216a726368b2363a273739c91f4e3eb4e0dd12d672d396ad989"

[[package]]
name = "cfg-if"
version = "0.1.2"
source = "registry+https://github.com/rust-lang/crates.io-index"
checksum = "d4c819a1287eb618df47cc647173c5c4c66ba19d888a6e50d605672aed3140de"

[[package]]
name = "chrono"
version = "0.4.0"
source = "registry+https://github.com/rust-lang/crates.io-index"
checksum = "7c20ebe0b2b08b0aeddba49c609fe7957ba2e33449882cb186a180bc60682fa9"
dependencies = [
 "num",
 "time",
]

[[package]]
name = "clap"
version = "2.33.0"
source = "registry+https://github.com/rust-lang/crates.io-index"
checksum = "5067f5bb2d80ef5d68b4c87db81601f0b75bca627bc2ef76b141d7b846a3c6d9"
dependencies = [
 "ansi_term 0.11.0",
 "atty",
 "bitflags",
 "strsim",
 "term_size",
 "textwrap",
 "unicode-width",
 "vec_map",
]

[[package]]
name = "ctor"
version = "0.1.7"
source = "registry+https://github.com/rust-lang/crates.io-index"
checksum = "9a43db2bba5cafdc6aa068c892a518e477ee0df3705e53ec70247a9ff93546d5"
dependencies = [
 "quote 0.6.10",
 "syn 0.15.22",
]

[[package]]
name = "difference"
version = "2.0.0"
source = "registry+https://github.com/rust-lang/crates.io-index"
checksum = "524cbf6897b527295dff137cec09ecf3a05f4fddffd7dfcd1585403449e74198"

[[package]]
name = "doc-comment"
version = "0.3.1"
source = "registry+https://github.com/rust-lang/crates.io-index"
checksum = "923dea538cea0aa3025e8685b20d6ee21ef99c4f77e954a30febbaac5ec73a97"

[[package]]
name = "env_logger"
version = "0.7.0"
source = "registry+https://github.com/rust-lang/crates.io-index"
checksum = "39ecdb7dd54465526f0a56d666e3b2dd5f3a218665a030b6e4ad9e70fa95d8fa"
dependencies = [
 "atty",
 "humantime",
 "log",
 "regex",
 "termcolor",
]

[[package]]
name = "fuchsia-zircon"
version = "0.3.1"
source = "registry+https://github.com/rust-lang/crates.io-index"
checksum = "3b5365afd01fdf916e775a224e844f80b3b9710d0f4f00903e219e859474d7ae"
dependencies = [
 "bitflags",
 "fuchsia-zircon-sys",
]

[[package]]
name = "fuchsia-zircon-sys"
version = "0.3.1"
source = "registry+https://github.com/rust-lang/crates.io-index"
checksum = "069def9a0e5feb7e9120635f6ebad24d853a6affbb077fec84d0888316cf9ae6"

[[package]]
name = "glob"
version = "0.3.0"
source = "registry+https://github.com/rust-lang/crates.io-index"
checksum = "9b919933a397b79c37e33b77bb2aa3dc8eb6e165ad809e58ff75bc7db2e34574"

[[package]]
name = "heck"
version = "0.3.0"
source = "registry+https://github.com/rust-lang/crates.io-index"
checksum = "ea04fa3ead4e05e51a7c806fc07271fdbde4e246a6c6d1efd52e72230b771b82"
dependencies = [
 "unicode-segmentation",
]

[[package]]
name = "humantime"
version = "1.3.0"
source = "registry+https://github.com/rust-lang/crates.io-index"
checksum = "df004cfca50ef23c36850aaaa59ad52cc70d0e90243c3c7737a4dd32dc7a3c4f"
dependencies = [
 "quick-error",
]

[[package]]
name = "idna"
version = "0.2.0"
source = "registry+https://github.com/rust-lang/crates.io-index"
checksum = "02e2673c30ee86b5b96a9cb52ad15718aa1f966f5ab9ad54a8b95d5ca33120a9"
dependencies = [
 "matches",
 "unicode-bidi",
 "unicode-normalization",
]

[[package]]
name = "imdl"
version = "0.0.1"
dependencies = [
 "ansi_term 0.12.0",
 "atty",
 "chrono",
 "env_logger",
 "libc",
 "md5",
 "pretty_assertions",
 "regex",
 "serde",
 "serde_bencode",
 "serde_bytes 0.11.0",
 "sha1",
 "snafu",
 "static_assertions",
 "structopt",
 "tempfile",
 "unicode-width",
 "url",
 "walkdir",
]

[[package]]
name = "kernel32-sys"
version = "0.2.2"
source = "registry+https://github.com/rust-lang/crates.io-index"
checksum = "7507624b29483431c0ba2d82aece8ca6cdba9382bff4ddd0f7490560c056098d"
dependencies = [
 "winapi 0.2.8",
 "winapi-build",
]

[[package]]
name = "lazy_static"
version = "1.0.0"
source = "registry+https://github.com/rust-lang/crates.io-index"
checksum = "c8f31047daa365f19be14b47c29df4f7c3b581832407daabe6ae77397619237d"

[[package]]
name = "libc"
version = "0.2.27"
source = "registry+https://github.com/rust-lang/crates.io-index"
checksum = "719aa0af4c241fa71d396ffdfe584aa758f08f35b4680ec3f03ecc2c3fe69b76"

[[package]]
name = "log"
version = "0.4.8"
source = "registry+https://github.com/rust-lang/crates.io-index"
checksum = "14b6052be84e6b71ab17edffc2eeabf5c2c3ae1fdb464aae35ac50c67a44e1f7"
dependencies = [
 "cfg-if",
]

[[package]]
name = "matches"
version = "0.1.2"
source = "registry+https://github.com/rust-lang/crates.io-index"
checksum = "15305656809ce5a4805b1ff2946892810992197ce1270ff79baded852187942e"

[[package]]
name = "md5"
version = "0.7.0"
source = "registry+https://github.com/rust-lang/crates.io-index"
checksum = "490cc448043f947bae3cbee9c203358d62dbee0db12107a74be5c30ccfd09771"

[[package]]
name = "memchr"
version = "2.2.1"
source = "registry+https://github.com/rust-lang/crates.io-index"
checksum = "88579771288728879b57485cc7d6b07d648c9f0141eb955f8ab7f9d45394468e"

[[package]]
name = "num"
version = "0.1.0"
source = "registry+https://github.com/rust-lang/crates.io-index"
checksum = "45c22ab30f59e5939797cbee425d2c7ba482d33255cbbf74454e17965f8d6704"

[[package]]
name = "output_vt100"
version = "0.1.0"
source = "registry+https://github.com/rust-lang/crates.io-index"
checksum = "3e00325c8e65c10d080f51848e16f012e0df4cd6a65be2e5d719f3679cc18591"
dependencies = [
 "winapi 0.3.6",
]

[[package]]
name = "percent-encoding"
version = "2.0.0"
source = "registry+https://github.com/rust-lang/crates.io-index"
checksum = "ba4f28a6faf4ffea762ba8f4baef48c61a6db348647c73095034041fc79dd954"

[[package]]
name = "pretty_assertions"
version = "0.6.0"
source = "registry+https://github.com/rust-lang/crates.io-index"
checksum = "3cf788499882d08c003841b87bdb1f772cb661f962cb478ed515d88c934887f6"
dependencies = [
 "ansi_term 0.11.0",
 "ctor",
 "difference",
 "output_vt100",
]

[[package]]
name = "proc-macro-error"
version = "0.2.0"
source = "registry+https://github.com/rust-lang/crates.io-index"
checksum = "0b5127cadb7667b00c24680b1672dfbaf9fbc5bd5889f1085b385fe950da9613"
dependencies = [
 "proc-macro2 1.0.0",
 "quote 1.0.0",
 "syn 1.0.0",
]

[[package]]
name = "proc-macro2"
version = "0.4.21"
source = "registry+https://github.com/rust-lang/crates.io-index"
checksum = "ab2fc21ba78ac73e4ff6b3818ece00be4e175ffbef4d0a717d978b48b24150c4"
dependencies = [
 "unicode-xid 0.1.0",
]

[[package]]
name = "proc-macro2"
version = "1.0.0"
source = "registry+https://github.com/rust-lang/crates.io-index"
checksum = "19f287c234c9b2d0308d692dee5c449c1a171167a6f8150f7cf2a49d8fd96967"
dependencies = [
 "unicode-xid 0.2.0",
]

[[package]]
name = "quick-error"
version = "1.0.0"
source = "registry+https://github.com/rust-lang/crates.io-index"
checksum = "c415e447dcced6ca7d8b290f5881050d1a2bb757967889cfba93b6f7f649ca50"

[[package]]
name = "quote"
version = "0.6.10"
source = "registry+https://github.com/rust-lang/crates.io-index"
checksum = "53fa22a1994bd0f9372d7a816207d8a2677ad0325b073f5c5332760f0fb62b5c"
dependencies = [
 "proc-macro2 0.4.21",
]

[[package]]
name = "quote"
version = "1.0.0"
source = "registry+https://github.com/rust-lang/crates.io-index"
checksum = "7ab938ebe6f1c82426b5fb82eaf10c3e3028c53deaa3fbe38f5904b37cf4d767"
dependencies = [
 "proc-macro2 1.0.0",
]

[[package]]
name = "rand"
version = "0.4.1"
source = "registry+https://github.com/rust-lang/crates.io-index"
checksum = "9d5f78082e6a6d042862611e9640cf20776185fee506cf6cf67e93c6225cee31"
dependencies = [
 "fuchsia-zircon",
 "libc",
]

[[package]]
name = "redox_syscall"
version = "0.1.0"
source = "registry+https://github.com/rust-lang/crates.io-index"
checksum = "35a48131ab10dbeb17202bd1dcb9c9798963a58a50c9ec31640f237358832094"

[[package]]
name = "redox_termios"
version = "0.1.0"
source = "registry+https://github.com/rust-lang/crates.io-index"
checksum = "bc495930de8d330f14856cface52561b7d79a072c76e438cf8f34d7233a35fa7"
dependencies = [
 "redox_syscall",
]

[[package]]
name = "regex"
version = "1.3.3"
source = "registry+https://github.com/rust-lang/crates.io-index"
checksum = "b5508c1941e4e7cb19965abef075d35a9a8b5cdf0846f30b4050e9b55dc55e87"
dependencies = [
 "aho-corasick",
 "memchr",
 "regex-syntax",
 "thread_local",
]

[[package]]
name = "regex-syntax"
version = "0.6.12"
source = "registry+https://github.com/rust-lang/crates.io-index"
checksum = "11a7e20d1cce64ef2fed88b66d347f88bd9babb82845b2b858f3edbf59a4f716"

[[package]]
name = "remove_dir_all"
version = "0.5.0"
source = "registry+https://github.com/rust-lang/crates.io-index"
checksum = "dfc5b3ce5d5ea144bb04ebd093a9e14e9765bcfec866aecda9b6dec43b3d1e24"
dependencies = [
 "winapi 0.3.6",
]

[[package]]
name = "same-file"
version = "1.0.0"
source = "registry+https://github.com/rust-lang/crates.io-index"
checksum = "70a18720d745fb9ca6a041b37cb36d0b21066006b6cff8b5b360142d4b81fb60"
dependencies = [
 "kernel32-sys",
 "winapi 0.2.8",
]

[[package]]
name = "serde"
version = "1.0.103"
source = "registry+https://github.com/rust-lang/crates.io-index"
checksum = "1217f97ab8e8904b57dd22eb61cde455fa7446a9c1cf43966066da047c1f3702"
dependencies = [
 "serde_derive",
]

[[package]]
name = "serde_bencode"
version = "0.2.0"
source = "registry+https://github.com/rust-lang/crates.io-index"
checksum = "9b79ce11369638af2fea08e00390316304c5b5e1b7a53d58ace925152b657443"
dependencies = [
 "serde",
 "serde_bytes 0.10.0",
]

[[package]]
name = "serde_bytes"
version = "0.10.0"
source = "registry+https://github.com/rust-lang/crates.io-index"
checksum = "7a73f5ad9bb83e1e407254c7a355f4efdaffe3c1442fc0657ddb8b9b6b225655"
dependencies = [
 "serde",
]

[[package]]
name = "serde_bytes"
version = "0.11.0"
source = "registry+https://github.com/rust-lang/crates.io-index"
checksum = "ccdb1004e9bd1b250e568f264d013ee39efbee424e090a0921344dc2d4cd96d7"
dependencies = [
 "serde",
]

[[package]]
name = "serde_derive"
version = "1.0.103"
source = "registry+https://github.com/rust-lang/crates.io-index"
checksum = "a8c6faef9a2e64b0064f48570289b4bf8823b7581f1d6157c1b52152306651d0"
dependencies = [
 "proc-macro2 1.0.0",
 "quote 1.0.0",
 "syn 1.0.0",
]

[[package]]
name = "sha1"
version = "0.6.0"
source = "registry+https://github.com/rust-lang/crates.io-index"
checksum = "2579985fda508104f7587689507983eadd6a6e84dd35d6d115361f530916fa0d"

[[package]]
name = "snafu"
version = "0.6.0"
source = "registry+https://github.com/rust-lang/crates.io-index"
checksum = "41207ca11f96a62cd34e6b7fdf73d322b25ae3848eb9d38302169724bb32cf27"
dependencies = [
 "doc-comment",
 "snafu-derive",
]

[[package]]
name = "snafu-derive"
version = "0.6.0"
source = "registry+https://github.com/rust-lang/crates.io-index"
checksum = "4c5e338c8b0577457c9dda8e794b6ad7231c96e25b1b0dd5842d52249020c1c0"
dependencies = [
 "proc-macro2 1.0.0",
 "quote 1.0.0",
 "syn 1.0.0",
]

[[package]]
name = "static_assertions"
version = "1.0.0"
source = "registry+https://github.com/rust-lang/crates.io-index"
checksum = "0fa13613355688665b68639b1c378a62dbedea78aff0fc59a4fa656cbbdec657"

[[package]]
name = "strsim"
version = "0.8.0"
source = "registry+https://github.com/rust-lang/crates.io-index"
checksum = "8ea5119cdb4c55b55d432abb513a0429384878c15dde60cc77b1c99de1a95a6a"

[[package]]
name = "structopt"
version = "0.3.0"
source = "registry+https://github.com/rust-lang/crates.io-index"
checksum = "48399718b3ad695558b979b08a9056a5272ec573cd3070f5ca34165bd4a5bf35"
dependencies = [
 "clap",
 "structopt-derive",
]

[[package]]
name = "structopt-derive"
version = "0.3.0"
source = "registry+https://github.com/rust-lang/crates.io-index"
checksum = "2558075232402034384db060831349fb2d1303479593177cc84c25febbebbc6d"
dependencies = [
 "heck",
 "proc-macro-error",
 "proc-macro2 1.0.0",
 "quote 1.0.0",
 "syn 1.0.0",
]

[[package]]
name = "syn"
version = "0.15.22"
source = "registry+https://github.com/rust-lang/crates.io-index"
checksum = "ae8b29eb5210bc5cf63ed6149cbf9adfc82ac0be023d8735c176ee74a2db4da7"
dependencies = [
 "proc-macro2 0.4.21",
 "quote 0.6.10",
 "unicode-xid 0.1.0",
]

[[package]]
name = "syn"
version = "1.0.0"
source = "registry+https://github.com/rust-lang/crates.io-index"
checksum = "9f8c8eab7d9f493cd89d4068085651d81ac7d39c56eb64f7158ea514b156e280"
dependencies = [
 "proc-macro2 1.0.0",
 "quote 1.0.0",
 "unicode-xid 0.2.0",
]

[[package]]
name = "tempfile"
version = "3.0.2"
source = "registry+https://github.com/rust-lang/crates.io-index"
checksum = "47776f63b85777d984a50ce49d6b9e58826b6a3766a449fc95bc66cd5663c15b"
dependencies = [
 "libc",
 "rand",
 "redox_syscall",
 "remove_dir_all",
 "winapi 0.3.6",
]

[[package]]
name = "term_size"
version = "0.3.0"
source = "registry+https://github.com/rust-lang/crates.io-index"
checksum = "e2b6b55df3198cc93372e85dd2ed817f0e38ce8cc0f22eb32391bfad9c4bf209"
dependencies = [
 "kernel32-sys",
 "libc",
 "winapi 0.2.8",
]

[[package]]
name = "termcolor"
version = "1.0.2"
source = "registry+https://github.com/rust-lang/crates.io-index"
checksum = "3390f44f1f706d8870297b6a2c4f92d9ab65a37c265fbbc6ac4ee72bcc2f3698"
dependencies = [
 "wincolor",
]

[[package]]
name = "termion"
version = "1.5.0"
source = "registry+https://github.com/rust-lang/crates.io-index"
checksum = "8affd752d0f2c7127d6d5f1b98182a5471606b48b1a955165d39eb5e4887ceba"
dependencies = [
 "libc",
 "redox_syscall",
 "redox_termios",
]

[[package]]
name = "textwrap"
version = "0.11.0"
source = "registry+https://github.com/rust-lang/crates.io-index"
checksum = "d326610f408c7a4eb6f51c37c330e496b08506c9457c9d34287ecc38809fb060"
dependencies = [
 "term_size",
 "unicode-width",
]

[[package]]
name = "thread_local"
version = "1.0.0"
source = "registry+https://github.com/rust-lang/crates.io-index"
checksum = "88ddf1ad580c7e3d1efff877d972bcc93f995556b9087a5a259630985c88ceab"
dependencies = [
 "lazy_static",
]

[[package]]
name = "time"
version = "0.1.36"
source = "registry+https://github.com/rust-lang/crates.io-index"
checksum = "211b63c112206356ef1ff9b19355f43740fc3f85960c598a93d3a3d3ba7beade"
dependencies = [
 "kernel32-sys",
 "libc",
 "redox_syscall",
 "winapi 0.2.8",
]

[[package]]
name = "unicode-bidi"
version = "0.3.0"
source = "registry+https://github.com/rust-lang/crates.io-index"
checksum = "2560b941fdb9ea38301b9b708504d612fcdf9c91a8c31d82219bd74cb07d304d"
dependencies = [
 "matches",
]

[[package]]
name = "unicode-normalization"
version = "0.1.5"
source = "registry+https://github.com/rust-lang/crates.io-index"
checksum = "51ccda9ef9efa3f7ef5d91e8f9b83bbe6955f9bf86aec89d5cce2c874625920f"

[[package]]
name = "unicode-segmentation"
version = "1.2.0"
source = "registry+https://github.com/rust-lang/crates.io-index"
checksum = "a8083c594e02b8ae1654ae26f0ade5158b119bd88ad0e8227a5d8fcd72407946"

[[package]]
name = "unicode-width"
version = "0.1.4"
source = "registry+https://github.com/rust-lang/crates.io-index"
checksum = "bf3a113775714a22dcb774d8ea3655c53a32debae63a063acc00a91cc586245f"

[[package]]
name = "unicode-xid"
version = "0.1.0"
source = "registry+https://github.com/rust-lang/crates.io-index"
checksum = "fc72304796d0818e357ead4e000d19c9c174ab23dc11093ac919054d20a6a7fc"

[[package]]
name = "unicode-xid"
version = "0.2.0"
source = "registry+https://github.com/rust-lang/crates.io-index"
checksum = "826e7639553986605ec5979c7dd957c7895e93eabed50ab2ffa7f6128a75097c"

[[package]]
name = "update-readme"
version = "0.0.0"
dependencies = [
 "glob",
 "regex",
 "structopt",
]

[[package]]
name = "url"
version = "2.0.0"
source = "registry+https://github.com/rust-lang/crates.io-index"
checksum = "77ddaf52e65c6b81c56b7e957c0b1970f7937f21c5c6774c4e56fcb4e20b48c6"
dependencies = [
 "idna",
 "matches",
 "percent-encoding",
]

[[package]]
name = "vec_map"
version = "0.8.0"
source = "registry+https://github.com/rust-lang/crates.io-index"
checksum = "887b5b631c2ad01628bbbaa7dd4c869f80d3186688f8d0b6f58774fbe324988c"

[[package]]
name = "walkdir"
version = "2.1.0"
source = "registry+https://github.com/rust-lang/crates.io-index"
checksum = "aac55cc73a6f7fc5052bffb3e62760dc3122e5290e0f4a2b056b53c6521b3f0f"
dependencies = [
 "same-file",
]

[[package]]
name = "winapi"
version = "0.2.8"
source = "registry+https://github.com/rust-lang/crates.io-index"
checksum = "167dc9d6949a9b857f3451275e911c3f44255842c1f7a76f33c55103a909087a"

[[package]]
name = "winapi"
version = "0.3.6"
source = "registry+https://github.com/rust-lang/crates.io-index"
checksum = "92c1eb33641e276cfa214a0522acad57be5c56b10cb348b3c5117db75f3ac4b0"
dependencies = [
 "winapi-i686-pc-windows-gnu",
 "winapi-x86_64-pc-windows-gnu",
]

[[package]]
name = "winapi-build"
version = "0.1.1"
source = "registry+https://github.com/rust-lang/crates.io-index"
checksum = "2d315eee3b34aca4797b2da6b13ed88266e6d612562a0c46390af8299fc699bc"

[[package]]
name = "winapi-i686-pc-windows-gnu"
version = "0.4.0"
source = "registry+https://github.com/rust-lang/crates.io-index"
checksum = "ac3b87c63620426dd9b991e5ce0329eff545bccbbb34f3be09ff6fb6ab51b7b6"

[[package]]
name = "winapi-x86_64-pc-windows-gnu"
version = "0.4.0"
source = "registry+https://github.com/rust-lang/crates.io-index"
checksum = "712e227841d057c1ee1cd2fb22fa7e5a5461ae8e48fa2ca79ec42cfc1931183f"

[[package]]
name = "wincolor"
version = "1.0.0"
source = "registry+https://github.com/rust-lang/crates.io-index"
checksum = "b9dc3aa9dcda98b5a16150c54619c1ead22e3d3a5d458778ae914be760aa981a"
dependencies = [
 "winapi 0.3.6",
]
